// !$*UTF8*$!
{
	archiveVersion = 1;
	classes = {
	};
	objectVersion = 51;
	objects = {

/* Begin PBXBuildFile section */
		2FDDC56C2B9FF561FE37439B /* Pods_crecreProject.framework in Frameworks */ = {isa = PBXBuildFile; fileRef = CD9F029F960FA586313ECBE2 /* Pods_crecreProject.framework */; };
		A132BE0922D8594600808B7E /* RankService.swift in Sources */ = {isa = PBXBuildFile; fileRef = A132BE0822D8594600808B7E /* RankService.swift */; };
		A132BE0D22D8CBA700808B7E /* CreatorCountService.swift in Sources */ = {isa = PBXBuildFile; fileRef = A132BE0C22D8CBA700808B7E /* CreatorCountService.swift */; };
		A132BE0F22D9135400808B7E /* HomeVoteCollectionViewCell.swift in Sources */ = {isa = PBXBuildFile; fileRef = A132BE0E22D9135400808B7E /* HomeVoteCollectionViewCell.swift */; };
		A132BE1122D914D800808B7E /* Vote.swift in Sources */ = {isa = PBXBuildFile; fileRef = A132BE1022D914D800808B7E /* Vote.swift */; };
		A191A88822D522F800412C10 /* post.swift in Sources */ = {isa = PBXBuildFile; fileRef = A191A88722D522F800412C10 /* post.swift */; };
		A191A88A22D5237E00412C10 /* FBDetailVC.swift in Sources */ = {isa = PBXBuildFile; fileRef = A191A88922D5237E00412C10 /* FBDetailVC.swift */; };
		A191A88C22D5250D00412C10 /* HotTableViewCell.swift in Sources */ = {isa = PBXBuildFile; fileRef = A191A88B22D5250D00412C10 /* HotTableViewCell.swift */; };
		A191A88E22D5BAC600412C10 /* RankViewCell.swift in Sources */ = {isa = PBXBuildFile; fileRef = A191A88D22D5BAC600412C10 /* RankViewCell.swift */; };
		A191A89022D5BE0E00412C10 /* Rank.swift in Sources */ = {isa = PBXBuildFile; fileRef = A191A88F22D5BE0E00412C10 /* Rank.swift */; };
		A191A89222D5E94D00412C10 /* VoteTap.swift in Sources */ = {isa = PBXBuildFile; fileRef = A191A89122D5E94D00412C10 /* VoteTap.swift */; };
		A1CC08A922D6197700B8D0F2 /* ResultViewController.swift in Sources */ = {isa = PBXBuildFile; fileRef = A1CC08A822D6197700B8D0F2 /* ResultViewController.swift */; };
		A1CC08B022D6367D00B8D0F2 /* Research.swift in Sources */ = {isa = PBXBuildFile; fileRef = A1CC08AF22D6367D00B8D0F2 /* Research.swift */; };
		A1CC08B222D7260000B8D0F2 /* APIContants.swift in Sources */ = {isa = PBXBuildFile; fileRef = A1CC08B122D7260000B8D0F2 /* APIContants.swift */; };
		A1CC08B622D728CE00B8D0F2 /* CreatorSearchService.swift in Sources */ = {isa = PBXBuildFile; fileRef = A1CC08B522D728CE00B8D0F2 /* CreatorSearchService.swift */; };
		A1CC08B922D7298C00B8D0F2 /* UIImageView+extensions.swift in Sources */ = {isa = PBXBuildFile; fileRef = A1CC08B822D7298C00B8D0F2 /* UIImageView+extensions.swift */; };
		A1CC08BB22D729C700B8D0F2 /* UIColor+extensions.swift in Sources */ = {isa = PBXBuildFile; fileRef = A1CC08BA22D729C700B8D0F2 /* UIColor+extensions.swift */; };
		A1CC08BD22D72E6C00B8D0F2 /* ResponseArray.swift in Sources */ = {isa = PBXBuildFile; fileRef = A1CC08BC22D72E6C00B8D0F2 /* ResponseArray.swift */; };
		A1CC08C322D72F9F00B8D0F2 /* NetworkResult.swift in Sources */ = {isa = PBXBuildFile; fileRef = A1CC08C222D72F9F00B8D0F2 /* NetworkResult.swift */; };
		A1CC08C522D72FC200B8D0F2 /* DefaultRes.swift in Sources */ = {isa = PBXBuildFile; fileRef = A1CC08C422D72FC200B8D0F2 /* DefaultRes.swift */; };
		A1D87F2022D7A6AC0050C5A0 /* CreatorCount.swift in Sources */ = {isa = PBXBuildFile; fileRef = A1D87F1F22D7A6AC0050C5A0 /* CreatorCount.swift */; };
		A1D87F2A22D7C1410050C5A0 /* ResearchViewCell.swift in Sources */ = {isa = PBXBuildFile; fileRef = A1D87F2922D7C1410050C5A0 /* ResearchViewCell.swift */; };
		A1E0FAAD22D0822700AEB709 /* ViewController.swift in Sources */ = {isa = PBXBuildFile; fileRef = A1E0FAAC22D0822700AEB709 /* ViewController.swift */; };
		A1E0FAAF22D0870300AEB709 /* VoteVC.swift in Sources */ = {isa = PBXBuildFile; fileRef = A1E0FAAE22D0870300AEB709 /* VoteVC.swift */; };
		A1E778A022CC94D100F44504 /* VoteChildVC1.swift in Sources */ = {isa = PBXBuildFile; fileRef = A1E7789F22CC94D100F44504 /* VoteChildVC1.swift */; };
		A1E778A222CC94E900F44504 /* VoteChildVC2.swift in Sources */ = {isa = PBXBuildFile; fileRef = A1E778A122CC94E900F44504 /* VoteChildVC2.swift */; };
		A1E778A422CCCAB800F44504 /* HomeVC.swift in Sources */ = {isa = PBXBuildFile; fileRef = A1E778A322CCCAB800F44504 /* HomeVC.swift */; };
		A1E9D53E22D7A23C00F3EA74 /* CreatorProfileViewController.swift in Sources */ = {isa = PBXBuildFile; fileRef = A1E9D53D22D7A23C00F3EA74 /* CreatorProfileViewController.swift */; };
		A1FE558A22D321720056364A /* Vote_SuggestionVC.swift in Sources */ = {isa = PBXBuildFile; fileRef = A1FE558922D321720056364A /* Vote_SuggestionVC.swift */; };
		EF19114722D65EE000992258 /* NotoSansCJKkr-Bold.otf in Resources */ = {isa = PBXBuildFile; fileRef = EF19114322D65EDE00992258 /* NotoSansCJKkr-Bold.otf */; };
		EF19114822D65EE000992258 /* NotoSansCJKkr-Light.otf in Resources */ = {isa = PBXBuildFile; fileRef = EF19114422D65EDF00992258 /* NotoSansCJKkr-Light.otf */; };
		EF19114922D65EE000992258 /* NotoSansCJKkr-Medium.otf in Resources */ = {isa = PBXBuildFile; fileRef = EF19114522D65EE000992258 /* NotoSansCJKkr-Medium.otf */; };
		EF19114A22D65EE000992258 /* NotoSansCJKkr-Regular.otf in Resources */ = {isa = PBXBuildFile; fileRef = EF19114622D65EE000992258 /* NotoSansCJKkr-Regular.otf */; };
		EF19114C22D668D100992258 /* Comment.swift in Sources */ = {isa = PBXBuildFile; fileRef = EF19114B22D668D100992258 /* Comment.swift */; };
		EF19114E22D66B0D00992258 /* DetailTVC.swift in Sources */ = {isa = PBXBuildFile; fileRef = EF19114D22D66B0D00992258 /* DetailTVC.swift */; };
		EF25A52722D86DCD00ED5AE2 /* Child1TVC.swift in Sources */ = {isa = PBXBuildFile; fileRef = EF25A52622D86DCD00ED5AE2 /* Child1TVC.swift */; };
		EF25A52922D86E0200ED5AE2 /* Child2TVC.swift in Sources */ = {isa = PBXBuildFile; fileRef = EF25A52822D86E0200ED5AE2 /* Child2TVC.swift */; };
		EF25A52B22D8CA1A00ED5AE2 /* loginVC.swift in Sources */ = {isa = PBXBuildFile; fileRef = EF25A52A22D8CA1A00ED5AE2 /* loginVC.swift */; };
		EF4CE7F022D8D88F0006C6FB /* signUpVC.swift in Sources */ = {isa = PBXBuildFile; fileRef = EF4CE7EF22D8D88F0006C6FB /* signUpVC.swift */; };
		EF4CE7F622D900EB0006C6FB /* SuccessVC.swift in Sources */ = {isa = PBXBuildFile; fileRef = EF4CE7F522D900EB0006C6FB /* SuccessVC.swift */; };
		EF6E5EE522CA007100FF35AD /* SearchController.swift in Sources */ = {isa = PBXBuildFile; fileRef = EF6E5EE422CA007100FF35AD /* SearchController.swift */; };
		EF6E5EE722CA02A100FF35AD /* CommunityController.swift in Sources */ = {isa = PBXBuildFile; fileRef = EF6E5EE622CA02A100FF35AD /* CommunityController.swift */; };
		EFA0014B22CBB4F400136693 /* CommuChildVC1.swift in Sources */ = {isa = PBXBuildFile; fileRef = EFA0014A22CBB4F400136693 /* CommuChildVC1.swift */; };
		EFA0014D22CBB50800136693 /* CommuChildVC2.swift in Sources */ = {isa = PBXBuildFile; fileRef = EFA0014C22CBB50800136693 /* CommuChildVC2.swift */; };
		EFA62BE222D7E63400D09E81 /* writeVC.swift in Sources */ = {isa = PBXBuildFile; fileRef = EFA62BE122D7E63400D09E81 /* writeVC.swift */; };
		EFAF747422C90334004A0F75 /* AppDelegate.swift in Sources */ = {isa = PBXBuildFile; fileRef = EFAF747322C90334004A0F75 /* AppDelegate.swift */; };
		EFAF747922C90334004A0F75 /* Main.storyboard in Resources */ = {isa = PBXBuildFile; fileRef = EFAF747722C90334004A0F75 /* Main.storyboard */; };
		EFAF747B22C90335004A0F75 /* Assets.xcassets in Resources */ = {isa = PBXBuildFile; fileRef = EFAF747A22C90335004A0F75 /* Assets.xcassets */; };
		EFAF747E22C90335004A0F75 /* LaunchScreen.storyboard in Resources */ = {isa = PBXBuildFile; fileRef = EFAF747C22C90335004A0F75 /* LaunchScreen.storyboard */; };
		EFD5EA1C22D72C1E0019D70E /* FreeBulletinTableCell.swift in Sources */ = {isa = PBXBuildFile; fileRef = EFD5EA1B22D72C1E0019D70E /* FreeBulletinTableCell.swift */; };
		EFD6A1D022CAFA80002336FE /* FreeBulletinVC.swift in Sources */ = {isa = PBXBuildFile; fileRef = EFD6A1CF22CAFA80002336FE /* FreeBulletinVC.swift */; };
		EFE56AB822CA6C4C007C5E22 /* likePost.swift in Sources */ = {isa = PBXBuildFile; fileRef = EFE56AB722CA6C4C007C5E22 /* likePost.swift */; };
		EFE56AC422CA6E66007C5E22 /* PostCell.swift in Sources */ = {isa = PBXBuildFile; fileRef = EFE56AC322CA6E66007C5E22 /* PostCell.swift */; };
		EFE56AC622CA8401007C5E22 /* HotPostController.swift in Sources */ = {isa = PBXBuildFile; fileRef = EFE56AC522CA8401007C5E22 /* HotPostController.swift */; };
		EFF8757022D775A400F06812 /* BrandNewTableViewCell.swift in Sources */ = {isa = PBXBuildFile; fileRef = EFF8756F22D775A400F06812 /* BrandNewTableViewCell.swift */; };
		EFF8757622D77A5000F06812 /* BrandNewVC.swift in Sources */ = {isa = PBXBuildFile; fileRef = EFF8757522D77A5000F06812 /* BrandNewVC.swift */; };
/* End PBXBuildFile section */

/* Begin PBXFileReference section */
		1F01D5EADBC184ED9326007A /* Pods-crecreProject.release.xcconfig */ = {isa = PBXFileReference; includeInIndex = 1; lastKnownFileType = text.xcconfig; name = "Pods-crecreProject.release.xcconfig"; path = "Target Support Files/Pods-crecreProject/Pods-crecreProject.release.xcconfig"; sourceTree = "<group>"; };
		225702C006F3E29CA76C9E52 /* Pods-crecreProject.debug.xcconfig */ = {isa = PBXFileReference; includeInIndex = 1; lastKnownFileType = text.xcconfig; name = "Pods-crecreProject.debug.xcconfig"; path = "Target Support Files/Pods-crecreProject/Pods-crecreProject.debug.xcconfig"; sourceTree = "<group>"; };
		A132BE0822D8594600808B7E /* RankService.swift */ = {isa = PBXFileReference; lastKnownFileType = sourcecode.swift; path = RankService.swift; sourceTree = "<group>"; };
		A132BE0C22D8CBA700808B7E /* CreatorCountService.swift */ = {isa = PBXFileReference; lastKnownFileType = sourcecode.swift; path = CreatorCountService.swift; sourceTree = "<group>"; };
		A132BE0E22D9135400808B7E /* HomeVoteCollectionViewCell.swift */ = {isa = PBXFileReference; lastKnownFileType = sourcecode.swift; path = HomeVoteCollectionViewCell.swift; sourceTree = "<group>"; };
		A132BE1022D914D800808B7E /* Vote.swift */ = {isa = PBXFileReference; lastKnownFileType = sourcecode.swift; path = Vote.swift; sourceTree = "<group>"; };
		A191A88722D522F800412C10 /* post.swift */ = {isa = PBXFileReference; lastKnownFileType = sourcecode.swift; path = post.swift; sourceTree = "<group>"; };
		A191A88922D5237E00412C10 /* FBDetailVC.swift */ = {isa = PBXFileReference; lastKnownFileType = sourcecode.swift; path = FBDetailVC.swift; sourceTree = "<group>"; };
		A191A88B22D5250D00412C10 /* HotTableViewCell.swift */ = {isa = PBXFileReference; lastKnownFileType = sourcecode.swift; path = HotTableViewCell.swift; sourceTree = "<group>"; };
		A191A88D22D5BAC600412C10 /* RankViewCell.swift */ = {isa = PBXFileReference; lastKnownFileType = sourcecode.swift; path = RankViewCell.swift; sourceTree = "<group>"; };
		A191A88F22D5BE0E00412C10 /* Rank.swift */ = {isa = PBXFileReference; lastKnownFileType = sourcecode.swift; path = Rank.swift; sourceTree = "<group>"; };
		A191A89122D5E94D00412C10 /* VoteTap.swift */ = {isa = PBXFileReference; lastKnownFileType = sourcecode.swift; path = VoteTap.swift; sourceTree = "<group>"; };
		A1CC08A822D6197700B8D0F2 /* ResultViewController.swift */ = {isa = PBXFileReference; lastKnownFileType = sourcecode.swift; path = ResultViewController.swift; sourceTree = "<group>"; };
		A1CC08AF22D6367D00B8D0F2 /* Research.swift */ = {isa = PBXFileReference; lastKnownFileType = sourcecode.swift; path = Research.swift; sourceTree = "<group>"; };
		A1CC08B122D7260000B8D0F2 /* APIContants.swift */ = {isa = PBXFileReference; lastKnownFileType = sourcecode.swift; name = APIContants.swift; path = crecreProject/models/APIContants.swift; sourceTree = SOURCE_ROOT; };
		A1CC08B522D728CE00B8D0F2 /* CreatorSearchService.swift */ = {isa = PBXFileReference; lastKnownFileType = sourcecode.swift; path = CreatorSearchService.swift; sourceTree = "<group>"; };
		A1CC08B822D7298C00B8D0F2 /* UIImageView+extensions.swift */ = {isa = PBXFileReference; lastKnownFileType = sourcecode.swift; path = "UIImageView+extensions.swift"; sourceTree = "<group>"; };
		A1CC08BA22D729C700B8D0F2 /* UIColor+extensions.swift */ = {isa = PBXFileReference; lastKnownFileType = sourcecode.swift; path = "UIColor+extensions.swift"; sourceTree = "<group>"; };
		A1CC08BC22D72E6C00B8D0F2 /* ResponseArray.swift */ = {isa = PBXFileReference; lastKnownFileType = sourcecode.swift; name = ResponseArray.swift; path = crecreProject/models/ResponseArray.swift; sourceTree = SOURCE_ROOT; };
		A1CC08C222D72F9F00B8D0F2 /* NetworkResult.swift */ = {isa = PBXFileReference; lastKnownFileType = sourcecode.swift; path = NetworkResult.swift; sourceTree = "<group>"; };
		A1CC08C422D72FC200B8D0F2 /* DefaultRes.swift */ = {isa = PBXFileReference; lastKnownFileType = sourcecode.swift; path = DefaultRes.swift; sourceTree = "<group>"; };
		A1D87F1F22D7A6AC0050C5A0 /* CreatorCount.swift */ = {isa = PBXFileReference; lastKnownFileType = sourcecode.swift; path = CreatorCount.swift; sourceTree = "<group>"; };
		A1D87F2922D7C1410050C5A0 /* ResearchViewCell.swift */ = {isa = PBXFileReference; lastKnownFileType = sourcecode.swift; path = ResearchViewCell.swift; sourceTree = "<group>"; };
		A1E0FAAC22D0822700AEB709 /* ViewController.swift */ = {isa = PBXFileReference; lastKnownFileType = sourcecode.swift; path = ViewController.swift; sourceTree = "<group>"; };
		A1E0FAAE22D0870300AEB709 /* VoteVC.swift */ = {isa = PBXFileReference; fileEncoding = 4; lastKnownFileType = sourcecode.swift; path = VoteVC.swift; sourceTree = "<group>"; };
		A1E7789F22CC94D100F44504 /* VoteChildVC1.swift */ = {isa = PBXFileReference; lastKnownFileType = sourcecode.swift; path = VoteChildVC1.swift; sourceTree = "<group>"; };
		A1E778A122CC94E900F44504 /* VoteChildVC2.swift */ = {isa = PBXFileReference; lastKnownFileType = sourcecode.swift; path = VoteChildVC2.swift; sourceTree = "<group>"; };
		A1E778A322CCCAB800F44504 /* HomeVC.swift */ = {isa = PBXFileReference; lastKnownFileType = sourcecode.swift; path = HomeVC.swift; sourceTree = "<group>"; };
		A1E9D53D22D7A23C00F3EA74 /* CreatorProfileViewController.swift */ = {isa = PBXFileReference; lastKnownFileType = sourcecode.swift; path = CreatorProfileViewController.swift; sourceTree = "<group>"; };
		A1FE558922D321720056364A /* Vote_SuggestionVC.swift */ = {isa = PBXFileReference; lastKnownFileType = sourcecode.swift; path = Vote_SuggestionVC.swift; sourceTree = "<group>"; };
		CD9F029F960FA586313ECBE2 /* Pods_crecreProject.framework */ = {isa = PBXFileReference; explicitFileType = wrapper.framework; includeInIndex = 0; path = Pods_crecreProject.framework; sourceTree = BUILT_PRODUCTS_DIR; };
		EF19114322D65EDE00992258 /* NotoSansCJKkr-Bold.otf */ = {isa = PBXFileReference; lastKnownFileType = file; path = "NotoSansCJKkr-Bold.otf"; sourceTree = "<group>"; };
		EF19114422D65EDF00992258 /* NotoSansCJKkr-Light.otf */ = {isa = PBXFileReference; lastKnownFileType = file; path = "NotoSansCJKkr-Light.otf"; sourceTree = "<group>"; };
		EF19114522D65EE000992258 /* NotoSansCJKkr-Medium.otf */ = {isa = PBXFileReference; lastKnownFileType = file; path = "NotoSansCJKkr-Medium.otf"; sourceTree = "<group>"; };
		EF19114622D65EE000992258 /* NotoSansCJKkr-Regular.otf */ = {isa = PBXFileReference; lastKnownFileType = file; path = "NotoSansCJKkr-Regular.otf"; sourceTree = "<group>"; };
		EF19114B22D668D100992258 /* Comment.swift */ = {isa = PBXFileReference; lastKnownFileType = sourcecode.swift; path = Comment.swift; sourceTree = "<group>"; };
		EF19114D22D66B0D00992258 /* DetailTVC.swift */ = {isa = PBXFileReference; lastKnownFileType = sourcecode.swift; path = DetailTVC.swift; sourceTree = "<group>"; };
		EF25A52622D86DCD00ED5AE2 /* Child1TVC.swift */ = {isa = PBXFileReference; lastKnownFileType = sourcecode.swift; path = Child1TVC.swift; sourceTree = "<group>"; };
		EF25A52822D86E0200ED5AE2 /* Child2TVC.swift */ = {isa = PBXFileReference; lastKnownFileType = sourcecode.swift; path = Child2TVC.swift; sourceTree = "<group>"; };
		EF25A52A22D8CA1A00ED5AE2 /* loginVC.swift */ = {isa = PBXFileReference; lastKnownFileType = sourcecode.swift; path = loginVC.swift; sourceTree = "<group>"; };
		EF4CE7EF22D8D88F0006C6FB /* signUpVC.swift */ = {isa = PBXFileReference; lastKnownFileType = sourcecode.swift; path = signUpVC.swift; sourceTree = "<group>"; };
		EF4CE7F522D900EB0006C6FB /* SuccessVC.swift */ = {isa = PBXFileReference; lastKnownFileType = sourcecode.swift; path = SuccessVC.swift; sourceTree = "<group>"; };
		EF6E5EE422CA007100FF35AD /* SearchController.swift */ = {isa = PBXFileReference; lastKnownFileType = sourcecode.swift; path = SearchController.swift; sourceTree = "<group>"; };
		EF6E5EE622CA02A100FF35AD /* CommunityController.swift */ = {isa = PBXFileReference; lastKnownFileType = sourcecode.swift; path = CommunityController.swift; sourceTree = "<group>"; };
		EFA0014A22CBB4F400136693 /* CommuChildVC1.swift */ = {isa = PBXFileReference; lastKnownFileType = sourcecode.swift; path = CommuChildVC1.swift; sourceTree = "<group>"; };
		EFA0014C22CBB50800136693 /* CommuChildVC2.swift */ = {isa = PBXFileReference; lastKnownFileType = sourcecode.swift; path = CommuChildVC2.swift; sourceTree = "<group>"; };
		EFA62BE122D7E63400D09E81 /* writeVC.swift */ = {isa = PBXFileReference; lastKnownFileType = sourcecode.swift; path = writeVC.swift; sourceTree = "<group>"; };
		EFAF747022C90334004A0F75 /* crecreProject.app */ = {isa = PBXFileReference; explicitFileType = wrapper.application; includeInIndex = 0; path = crecreProject.app; sourceTree = BUILT_PRODUCTS_DIR; };
		EFAF747322C90334004A0F75 /* AppDelegate.swift */ = {isa = PBXFileReference; lastKnownFileType = sourcecode.swift; path = AppDelegate.swift; sourceTree = "<group>"; };
		EFAF747822C90334004A0F75 /* Base */ = {isa = PBXFileReference; lastKnownFileType = file.storyboard; name = Base; path = Base.lproj/Main.storyboard; sourceTree = "<group>"; };
		EFAF747A22C90335004A0F75 /* Assets.xcassets */ = {isa = PBXFileReference; lastKnownFileType = folder.assetcatalog; path = Assets.xcassets; sourceTree = "<group>"; };
		EFAF747D22C90335004A0F75 /* Base */ = {isa = PBXFileReference; lastKnownFileType = file.storyboard; name = Base; path = Base.lproj/LaunchScreen.storyboard; sourceTree = "<group>"; };
		EFAF747F22C90335004A0F75 /* Info.plist */ = {isa = PBXFileReference; lastKnownFileType = text.plist.xml; path = Info.plist; sourceTree = "<group>"; };
		EFD5EA1B22D72C1E0019D70E /* FreeBulletinTableCell.swift */ = {isa = PBXFileReference; lastKnownFileType = sourcecode.swift; path = FreeBulletinTableCell.swift; sourceTree = "<group>"; };
		EFD6A1CF22CAFA80002336FE /* FreeBulletinVC.swift */ = {isa = PBXFileReference; lastKnownFileType = sourcecode.swift; path = FreeBulletinVC.swift; sourceTree = "<group>"; };
		EFE56AB722CA6C4C007C5E22 /* likePost.swift */ = {isa = PBXFileReference; lastKnownFileType = sourcecode.swift; path = likePost.swift; sourceTree = "<group>"; };
		EFE56AC322CA6E66007C5E22 /* PostCell.swift */ = {isa = PBXFileReference; lastKnownFileType = sourcecode.swift; path = PostCell.swift; sourceTree = "<group>"; };
		EFE56AC522CA8401007C5E22 /* HotPostController.swift */ = {isa = PBXFileReference; lastKnownFileType = sourcecode.swift; path = HotPostController.swift; sourceTree = "<group>"; };
		EFF8756F22D775A400F06812 /* BrandNewTableViewCell.swift */ = {isa = PBXFileReference; lastKnownFileType = sourcecode.swift; path = BrandNewTableViewCell.swift; sourceTree = "<group>"; };
		EFF8757522D77A5000F06812 /* BrandNewVC.swift */ = {isa = PBXFileReference; lastKnownFileType = sourcecode.swift; path = BrandNewVC.swift; sourceTree = "<group>"; };
/* End PBXFileReference section */

/* Begin PBXFrameworksBuildPhase section */
		EFAF746D22C90334004A0F75 /* Frameworks */ = {
			isa = PBXFrameworksBuildPhase;
			buildActionMask = 2147483647;
			files = (
				2FDDC56C2B9FF561FE37439B /* Pods_crecreProject.framework in Frameworks */,
			);
			runOnlyForDeploymentPostprocessing = 0;
		};
/* End PBXFrameworksBuildPhase section */

/* Begin PBXGroup section */
		A11E885822D5FBFA006469F3 /* Community */ = {
			isa = PBXGroup;
			children = (
				EF25A52822D86E0200ED5AE2 /* Child2TVC.swift */,
				EF25A52622D86DCD00ED5AE2 /* Child1TVC.swift */,
				EFA62BE122D7E63400D09E81 /* writeVC.swift */,
				EFF8757522D77A5000F06812 /* BrandNewVC.swift */,
				EFF8756F22D775A400F06812 /* BrandNewTableViewCell.swift */,
				EFD5EA1B22D72C1E0019D70E /* FreeBulletinTableCell.swift */,
				EF19114D22D66B0D00992258 /* DetailTVC.swift */,
				EF19114B22D668D100992258 /* Comment.swift */,
				EFD6A1CF22CAFA80002336FE /* FreeBulletinVC.swift */,
				A191A88B22D5250D00412C10 /* HotTableViewCell.swift */,
				EFE56AC522CA8401007C5E22 /* HotPostController.swift */,
				EFE56AC322CA6E66007C5E22 /* PostCell.swift */,
				EFE56AB722CA6C4C007C5E22 /* likePost.swift */,
				EF6E5EE622CA02A100FF35AD /* CommunityController.swift */,
				A191A88922D5237E00412C10 /* FBDetailVC.swift */,
				A191A88722D522F800412C10 /* post.swift */,
				EFA0014C22CBB50800136693 /* CommuChildVC2.swift */,
				EFA0014A22CBB4F400136693 /* CommuChildVC1.swift */,
			);
			path = Community;
			sourceTree = "<group>";
		};
		A11E885922D5FC4E006469F3 /* Fonts */ = {
			isa = PBXGroup;
			children = (
				EF19114322D65EDE00992258 /* NotoSansCJKkr-Bold.otf */,
				EF19114422D65EDF00992258 /* NotoSansCJKkr-Light.otf */,
				EF19114522D65EE000992258 /* NotoSansCJKkr-Medium.otf */,
				EF19114622D65EE000992258 /* NotoSansCJKkr-Regular.otf */,
			);
			path = Fonts;
			sourceTree = "<group>";
		};
		A1365D2522D5FBAF00EA6B75 /* Vote */ = {
			isa = PBXGroup;
			children = (
				A1E7789F22CC94D100F44504 /* VoteChildVC1.swift */,
				A1FE558922D321720056364A /* Vote_SuggestionVC.swift */,
				A1E0FAAE22D0870300AEB709 /* VoteVC.swift */,
				A1E778A122CC94E900F44504 /* VoteChildVC2.swift */,
				A191A89122D5E94D00412C10 /* VoteTap.swift */,
			);
			path = Vote;
			sourceTree = "<group>";
		};
		A1CC08A522D5FD2E00B8D0F2 /* Home */ = {
			isa = PBXGroup;
			children = (
				A132BE0E22D9135400808B7E /* HomeVoteCollectionViewCell.swift */,
				A191A88D22D5BAC600412C10 /* RankViewCell.swift */,
				A1E778A322CCCAB800F44504 /* HomeVC.swift */,
			);
			path = Home;
			sourceTree = "<group>";
		};
		A1CC08AA22D626E900B8D0F2 /* Creatorsearch */ = {
			isa = PBXGroup;
			children = (
				A1D87F2922D7C1410050C5A0 /* ResearchViewCell.swift */,
				A1CC08A822D6197700B8D0F2 /* ResultViewController.swift */,
			);
			path = Creatorsearch;
			sourceTree = "<group>";
		};
		A1CC08B322D7266200B8D0F2 /* models */ = {
			isa = PBXGroup;
			children = (
				A1CC08AF22D6367D00B8D0F2 /* Research.swift */,
				A1CC08C222D72F9F00B8D0F2 /* NetworkResult.swift */,
				A132BE1022D914D800808B7E /* Vote.swift */,
				A191A88F22D5BE0E00412C10 /* Rank.swift */,
				A1D87F1F22D7A6AC0050C5A0 /* CreatorCount.swift */,
				A1CC08C422D72FC200B8D0F2 /* DefaultRes.swift */,
				A1CC08BC22D72E6C00B8D0F2 /* ResponseArray.swift */,
				A1CC08B122D7260000B8D0F2 /* APIContants.swift */,
			);
			path = models;
			sourceTree = "<group>";
		};
		A1CC08B422D728A300B8D0F2 /* APIservices */ = {
			isa = PBXGroup;
			children = (
				A1CC08B522D728CE00B8D0F2 /* CreatorSearchService.swift */,
				A132BE0C22D8CBA700808B7E /* CreatorCountService.swift */,
				A132BE0822D8594600808B7E /* RankService.swift */,
			);
			path = APIservices;
			sourceTree = "<group>";
		};
		A1CC08B722D7296A00B8D0F2 /* Extensions */ = {
			isa = PBXGroup;
			children = (
				A1CC08B822D7298C00B8D0F2 /* UIImageView+extensions.swift */,
				A1CC08BA22D729C700B8D0F2 /* UIColor+extensions.swift */,
			);
			path = Extensions;
			sourceTree = "<group>";
		};
		A1E9D54022D7A27300F3EA74 /* profile */ = {
			isa = PBXGroup;
			children = (
				A1E9D53D22D7A23C00F3EA74 /* CreatorProfileViewController.swift */,
			);
			path = profile;
			sourceTree = "<group>";
		};
		B89305A7605B8A26F18C5588 /* Frameworks */ = {
			isa = PBXGroup;
			children = (
				CD9F029F960FA586313ECBE2 /* Pods_crecreProject.framework */,
			);
			name = Frameworks;
			sourceTree = "<group>";
		};
		EFAF746722C90334004A0F75 = {
			isa = PBXGroup;
			children = (
				EFAF747222C90334004A0F75 /* crecreProject */,
				EFAF747122C90334004A0F75 /* Products */,
				FCAB04739D75F5262053D636 /* Pods */,
				B89305A7605B8A26F18C5588 /* Frameworks */,
			);
			sourceTree = "<group>";
		};
		EFAF747122C90334004A0F75 /* Products */ = {
			isa = PBXGroup;
			children = (
				EFAF747022C90334004A0F75 /* crecreProject.app */,
			);
			name = Products;
			sourceTree = "<group>";
		};
		EFAF747222C90334004A0F75 /* crecreProject */ = {
			isa = PBXGroup;
			children = (
				EFAF747722C90334004A0F75 /* Main.storyboard */,
				EF4CE7F522D900EB0006C6FB /* SuccessVC.swift */,
				EF4CE7EF22D8D88F0006C6FB /* signUpVC.swift */,
				EF25A52A22D8CA1A00ED5AE2 /* loginVC.swift */,
				A1E0FAAC22D0822700AEB709 /* ViewController.swift */,
				A1E9D54022D7A27300F3EA74 /* profile */,
				EFAF747322C90334004A0F75 /* AppDelegate.swift */,
				EF6E5EE422CA007100FF35AD /* SearchController.swift */,
				A1CC08B722D7296A00B8D0F2 /* Extensions */,
				A1CC08B422D728A300B8D0F2 /* APIservices */,
				A1CC08B322D7266200B8D0F2 /* models */,
				A1CC08AA22D626E900B8D0F2 /* Creatorsearch */,
				A1CC08A522D5FD2E00B8D0F2 /* Home */,
				A1365D2522D5FBAF00EA6B75 /* Vote */,
				A11E885822D5FBFA006469F3 /* Community */,
				A11E885922D5FC4E006469F3 /* Fonts */,
				EFAF747A22C90335004A0F75 /* Assets.xcassets */,
				EFAF747C22C90335004A0F75 /* LaunchScreen.storyboard */,
				EFAF747F22C90335004A0F75 /* Info.plist */,
			);
			path = crecreProject;
			sourceTree = "<group>";
		};
		FCAB04739D75F5262053D636 /* Pods */ = {
			isa = PBXGroup;
			children = (
				225702C006F3E29CA76C9E52 /* Pods-crecreProject.debug.xcconfig */,
				1F01D5EADBC184ED9326007A /* Pods-crecreProject.release.xcconfig */,
			);
			path = Pods;
			sourceTree = "<group>";
		};
/* End PBXGroup section */

/* Begin PBXNativeTarget section */
		EFAF746F22C90334004A0F75 /* crecreProject */ = {
			isa = PBXNativeTarget;
			buildConfigurationList = EFAF748222C90335004A0F75 /* Build configuration list for PBXNativeTarget "crecreProject" */;
			buildPhases = (
				D4D29928AE644780BA9291B4 /* [CP] Check Pods Manifest.lock */,
				EFAF746C22C90334004A0F75 /* Sources */,
				EFAF746D22C90334004A0F75 /* Frameworks */,
				EFAF746E22C90334004A0F75 /* Resources */,
				6D544CD6AC5D576732063CF4 /* [CP] Embed Pods Frameworks */,
			);
			buildRules = (
			);
			dependencies = (
			);
			name = crecreProject;
			productName = crecreProject;
			productReference = EFAF747022C90334004A0F75 /* crecreProject.app */;
			productType = "com.apple.product-type.application";
		};
/* End PBXNativeTarget section */

/* Begin PBXProject section */
		EFAF746822C90334004A0F75 /* Project object */ = {
			isa = PBXProject;
			attributes = {
				LastSwiftUpdateCheck = 1010;
				LastUpgradeCheck = 1010;
				ORGANIZATIONNAME = "하준혁";
				TargetAttributes = {
					EFAF746F22C90334004A0F75 = {
						CreatedOnToolsVersion = 10.1;
					};
				};
			};
			buildConfigurationList = EFAF746B22C90334004A0F75 /* Build configuration list for PBXProject "crecreProject" */;
			compatibilityVersion = "Xcode 9.3";
			developmentRegion = en;
			hasScannedForEncodings = 0;
			knownRegions = (
				en,
				Base,
			);
			mainGroup = EFAF746722C90334004A0F75;
			productRefGroup = EFAF747122C90334004A0F75 /* Products */;
			projectDirPath = "";
			projectRoot = "";
			targets = (
				EFAF746F22C90334004A0F75 /* crecreProject */,
			);
		};
/* End PBXProject section */

/* Begin PBXResourcesBuildPhase section */
		EFAF746E22C90334004A0F75 /* Resources */ = {
			isa = PBXResourcesBuildPhase;
			buildActionMask = 2147483647;
			files = (
				EF19114822D65EE000992258 /* NotoSansCJKkr-Light.otf in Resources */,
				EF19114A22D65EE000992258 /* NotoSansCJKkr-Regular.otf in Resources */,
				EFAF747E22C90335004A0F75 /* LaunchScreen.storyboard in Resources */,
				EF19114722D65EE000992258 /* NotoSansCJKkr-Bold.otf in Resources */,
				EFAF747B22C90335004A0F75 /* Assets.xcassets in Resources */,
				EFAF747922C90334004A0F75 /* Main.storyboard in Resources */,
				EF19114922D65EE000992258 /* NotoSansCJKkr-Medium.otf in Resources */,
			);
			runOnlyForDeploymentPostprocessing = 0;
		};
/* End PBXResourcesBuildPhase section */

/* Begin PBXShellScriptBuildPhase section */
		6D544CD6AC5D576732063CF4 /* [CP] Embed Pods Frameworks */ = {
			isa = PBXShellScriptBuildPhase;
			buildActionMask = 2147483647;
			files = (
			);
			inputFileListPaths = (
				"${PODS_ROOT}/Target Support Files/Pods-crecreProject/Pods-crecreProject-frameworks-${CONFIGURATION}-input-files.xcfilelist",
			);
			name = "[CP] Embed Pods Frameworks";
			outputFileListPaths = (
				"${PODS_ROOT}/Target Support Files/Pods-crecreProject/Pods-crecreProject-frameworks-${CONFIGURATION}-output-files.xcfilelist",
			);
			runOnlyForDeploymentPostprocessing = 0;
			shellPath = /bin/sh;
			shellScript = "\"${PODS_ROOT}/Target Support Files/Pods-crecreProject/Pods-crecreProject-frameworks.sh\"\n";
			showEnvVarsInLog = 0;
		};
		D4D29928AE644780BA9291B4 /* [CP] Check Pods Manifest.lock */ = {
			isa = PBXShellScriptBuildPhase;
			buildActionMask = 2147483647;
			files = (
			);
			inputFileListPaths = (
			);
			inputPaths = (
				"${PODS_PODFILE_DIR_PATH}/Podfile.lock",
				"${PODS_ROOT}/Manifest.lock",
			);
			name = "[CP] Check Pods Manifest.lock";
			outputFileListPaths = (
			);
			outputPaths = (
				"$(DERIVED_FILE_DIR)/Pods-crecreProject-checkManifestLockResult.txt",
			);
			runOnlyForDeploymentPostprocessing = 0;
			shellPath = /bin/sh;
			shellScript = "diff \"${PODS_PODFILE_DIR_PATH}/Podfile.lock\" \"${PODS_ROOT}/Manifest.lock\" > /dev/null\nif [ $? != 0 ] ; then\n    # print error to STDERR\n    echo \"error: The sandbox is not in sync with the Podfile.lock. Run 'pod install' or update your CocoaPods installation.\" >&2\n    exit 1\nfi\n# This output is used by Xcode 'outputs' to avoid re-running this script phase.\necho \"SUCCESS\" > \"${SCRIPT_OUTPUT_FILE_0}\"\n";
			showEnvVarsInLog = 0;
		};
/* End PBXShellScriptBuildPhase section */

/* Begin PBXSourcesBuildPhase section */
		EFAF746C22C90334004A0F75 /* Sources */ = {
			isa = PBXSourcesBuildPhase;
			buildActionMask = 2147483647;
			files = (
				EFF8757622D77A5000F06812 /* BrandNewVC.swift in Sources */,
				A1D87F2022D7A6AC0050C5A0 /* CreatorCount.swift in Sources */,
				A191A88C22D5250D00412C10 /* HotTableViewCell.swift in Sources */,
				EFD6A1D022CAFA80002336FE /* FreeBulletinVC.swift in Sources */,
				EF25A52722D86DCD00ED5AE2 /* Child1TVC.swift in Sources */,
				A191A88E22D5BAC600412C10 /* RankViewCell.swift in Sources */,
				A1CC08B922D7298C00B8D0F2 /* UIImageView+extensions.swift in Sources */,
				A1E778A222CC94E900F44504 /* VoteChildVC2.swift in Sources */,
				EFE56AC622CA8401007C5E22 /* HotPostController.swift in Sources */,
				A191A89022D5BE0E00412C10 /* Rank.swift in Sources */,
				A132BE0922D8594600808B7E /* RankService.swift in Sources */,
				A1CC08BB22D729C700B8D0F2 /* UIColor+extensions.swift in Sources */,
				EF6E5EE522CA007100FF35AD /* SearchController.swift in Sources */,
				A1E778A022CC94D100F44504 /* VoteChildVC1.swift in Sources */,
				A1E0FAAF22D0870300AEB709 /* VoteVC.swift in Sources */,
				EFE56AB822CA6C4C007C5E22 /* likePost.swift in Sources */,
				EF4CE7F022D8D88F0006C6FB /* signUpVC.swift in Sources */,
				EF19114C22D668D100992258 /* Comment.swift in Sources */,
				A1E0FAAD22D0822700AEB709 /* ViewController.swift in Sources */,
				A132BE1122D914D800808B7E /* Vote.swift in Sources */,
				EFD5EA1C22D72C1E0019D70E /* FreeBulletinTableCell.swift in Sources */,
				EFA62BE222D7E63400D09E81 /* writeVC.swift in Sources */,
				EF6E5EE722CA02A100FF35AD /* CommunityController.swift in Sources */,
				A132BE0F22D9135400808B7E /* HomeVoteCollectionViewCell.swift in Sources */,
				A1FE558A22D321720056364A /* Vote_SuggestionVC.swift in Sources */,
				A1D87F2A22D7C1410050C5A0 /* ResearchViewCell.swift in Sources */,
				A1CC08BD22D72E6C00B8D0F2 /* ResponseArray.swift in Sources */,
				A1E9D53E22D7A23C00F3EA74 /* CreatorProfileViewController.swift in Sources */,
				EFAF747422C90334004A0F75 /* AppDelegate.swift in Sources */,
				A1CC08B622D728CE00B8D0F2 /* CreatorSearchService.swift in Sources */,
				A132BE0D22D8CBA700808B7E /* CreatorCountService.swift in Sources */,
				A1CC08B022D6367D00B8D0F2 /* Research.swift in Sources */,
				EFE56AC422CA6E66007C5E22 /* PostCell.swift in Sources */,
				EFF8757022D775A400F06812 /* BrandNewTableViewCell.swift in Sources */,
				EF25A52B22D8CA1A00ED5AE2 /* loginVC.swift in Sources */,
				A1CC08B222D7260000B8D0F2 /* APIContants.swift in Sources */,
				A191A88A22D5237E00412C10 /* FBDetailVC.swift in Sources */,
				A191A89222D5E94D00412C10 /* VoteTap.swift in Sources */,
				EF4CE7F622D900EB0006C6FB /* SuccessVC.swift in Sources */,
				EFA0014B22CBB4F400136693 /* CommuChildVC1.swift in Sources */,
				EF19114E22D66B0D00992258 /* DetailTVC.swift in Sources */,
				A1CC08C322D72F9F00B8D0F2 /* NetworkResult.swift in Sources */,
				A1E778A422CCCAB800F44504 /* HomeVC.swift in Sources */,
				A1CC08C522D72FC200B8D0F2 /* DefaultRes.swift in Sources */,
				A191A88822D522F800412C10 /* post.swift in Sources */,
				EFA0014D22CBB50800136693 /* CommuChildVC2.swift in Sources */,
				A1CC08A922D6197700B8D0F2 /* ResultViewController.swift in Sources */,
				EF25A52922D86E0200ED5AE2 /* Child2TVC.swift in Sources */,
			);
			runOnlyForDeploymentPostprocessing = 0;
		};
/* End PBXSourcesBuildPhase section */

/* Begin PBXVariantGroup section */
		EFAF747722C90334004A0F75 /* Main.storyboard */ = {
			isa = PBXVariantGroup;
			children = (
				EFAF747822C90334004A0F75 /* Base */,
			);
			name = Main.storyboard;
			sourceTree = "<group>";
		};
		EFAF747C22C90335004A0F75 /* LaunchScreen.storyboard */ = {
			isa = PBXVariantGroup;
			children = (
				EFAF747D22C90335004A0F75 /* Base */,
			);
			name = LaunchScreen.storyboard;
			sourceTree = "<group>";
		};
/* End PBXVariantGroup section */

/* Begin XCBuildConfiguration section */
		EFAF748022C90335004A0F75 /* Debug */ = {
			isa = XCBuildConfiguration;
			buildSettings = {
				ALWAYS_SEARCH_USER_PATHS = NO;
				CLANG_ANALYZER_NONNULL = YES;
				CLANG_ANALYZER_NUMBER_OBJECT_CONVERSION = YES_AGGRESSIVE;
				CLANG_CXX_LANGUAGE_STANDARD = "gnu++14";
				CLANG_CXX_LIBRARY = "libc++";
				CLANG_ENABLE_MODULES = YES;
				CLANG_ENABLE_OBJC_ARC = YES;
				CLANG_ENABLE_OBJC_WEAK = YES;
				CLANG_WARN_BLOCK_CAPTURE_AUTORELEASING = YES;
				CLANG_WARN_BOOL_CONVERSION = YES;
				CLANG_WARN_COMMA = YES;
				CLANG_WARN_CONSTANT_CONVERSION = YES;
				CLANG_WARN_DEPRECATED_OBJC_IMPLEMENTATIONS = YES;
				CLANG_WARN_DIRECT_OBJC_ISA_USAGE = YES_ERROR;
				CLANG_WARN_DOCUMENTATION_COMMENTS = YES;
				CLANG_WARN_EMPTY_BODY = YES;
				CLANG_WARN_ENUM_CONVERSION = YES;
				CLANG_WARN_INFINITE_RECURSION = YES;
				CLANG_WARN_INT_CONVERSION = YES;
				CLANG_WARN_NON_LITERAL_NULL_CONVERSION = YES;
				CLANG_WARN_OBJC_IMPLICIT_RETAIN_SELF = YES;
				CLANG_WARN_OBJC_LITERAL_CONVERSION = YES;
				CLANG_WARN_OBJC_ROOT_CLASS = YES_ERROR;
				CLANG_WARN_RANGE_LOOP_ANALYSIS = YES;
				CLANG_WARN_STRICT_PROTOTYPES = YES;
				CLANG_WARN_SUSPICIOUS_MOVE = YES;
				CLANG_WARN_UNGUARDED_AVAILABILITY = YES_AGGRESSIVE;
				CLANG_WARN_UNREACHABLE_CODE = YES;
				CLANG_WARN__DUPLICATE_METHOD_MATCH = YES;
				CODE_SIGN_IDENTITY = "iPhone Developer";
				COPY_PHASE_STRIP = NO;
				DEBUG_INFORMATION_FORMAT = dwarf;
				ENABLE_STRICT_OBJC_MSGSEND = YES;
				ENABLE_TESTABILITY = YES;
				GCC_C_LANGUAGE_STANDARD = gnu11;
				GCC_DYNAMIC_NO_PIC = NO;
				GCC_NO_COMMON_BLOCKS = YES;
				GCC_OPTIMIZATION_LEVEL = 0;
				GCC_PREPROCESSOR_DEFINITIONS = (
					"DEBUG=1",
					"$(inherited)",
				);
				GCC_WARN_64_TO_32_BIT_CONVERSION = YES;
				GCC_WARN_ABOUT_RETURN_TYPE = YES_ERROR;
				GCC_WARN_UNDECLARED_SELECTOR = YES;
				GCC_WARN_UNINITIALIZED_AUTOS = YES_AGGRESSIVE;
				GCC_WARN_UNUSED_FUNCTION = YES;
				GCC_WARN_UNUSED_VARIABLE = YES;
				IPHONEOS_DEPLOYMENT_TARGET = 12.1;
				MTL_ENABLE_DEBUG_INFO = INCLUDE_SOURCE;
				MTL_FAST_MATH = YES;
				ONLY_ACTIVE_ARCH = YES;
				SDKROOT = iphoneos;
				SWIFT_ACTIVE_COMPILATION_CONDITIONS = DEBUG;
				SWIFT_OPTIMIZATION_LEVEL = "-Onone";
			};
			name = Debug;
		};
		EFAF748122C90335004A0F75 /* Release */ = {
			isa = XCBuildConfiguration;
			buildSettings = {
				ALWAYS_SEARCH_USER_PATHS = NO;
				CLANG_ANALYZER_NONNULL = YES;
				CLANG_ANALYZER_NUMBER_OBJECT_CONVERSION = YES_AGGRESSIVE;
				CLANG_CXX_LANGUAGE_STANDARD = "gnu++14";
				CLANG_CXX_LIBRARY = "libc++";
				CLANG_ENABLE_MODULES = YES;
				CLANG_ENABLE_OBJC_ARC = YES;
				CLANG_ENABLE_OBJC_WEAK = YES;
				CLANG_WARN_BLOCK_CAPTURE_AUTORELEASING = YES;
				CLANG_WARN_BOOL_CONVERSION = YES;
				CLANG_WARN_COMMA = YES;
				CLANG_WARN_CONSTANT_CONVERSION = YES;
				CLANG_WARN_DEPRECATED_OBJC_IMPLEMENTATIONS = YES;
				CLANG_WARN_DIRECT_OBJC_ISA_USAGE = YES_ERROR;
				CLANG_WARN_DOCUMENTATION_COMMENTS = YES;
				CLANG_WARN_EMPTY_BODY = YES;
				CLANG_WARN_ENUM_CONVERSION = YES;
				CLANG_WARN_INFINITE_RECURSION = YES;
				CLANG_WARN_INT_CONVERSION = YES;
				CLANG_WARN_NON_LITERAL_NULL_CONVERSION = YES;
				CLANG_WARN_OBJC_IMPLICIT_RETAIN_SELF = YES;
				CLANG_WARN_OBJC_LITERAL_CONVERSION = YES;
				CLANG_WARN_OBJC_ROOT_CLASS = YES_ERROR;
				CLANG_WARN_RANGE_LOOP_ANALYSIS = YES;
				CLANG_WARN_STRICT_PROTOTYPES = YES;
				CLANG_WARN_SUSPICIOUS_MOVE = YES;
				CLANG_WARN_UNGUARDED_AVAILABILITY = YES_AGGRESSIVE;
				CLANG_WARN_UNREACHABLE_CODE = YES;
				CLANG_WARN__DUPLICATE_METHOD_MATCH = YES;
				CODE_SIGN_IDENTITY = "iPhone Developer";
				COPY_PHASE_STRIP = NO;
				DEBUG_INFORMATION_FORMAT = "dwarf-with-dsym";
				ENABLE_NS_ASSERTIONS = NO;
				ENABLE_STRICT_OBJC_MSGSEND = YES;
				GCC_C_LANGUAGE_STANDARD = gnu11;
				GCC_NO_COMMON_BLOCKS = YES;
				GCC_WARN_64_TO_32_BIT_CONVERSION = YES;
				GCC_WARN_ABOUT_RETURN_TYPE = YES_ERROR;
				GCC_WARN_UNDECLARED_SELECTOR = YES;
				GCC_WARN_UNINITIALIZED_AUTOS = YES_AGGRESSIVE;
				GCC_WARN_UNUSED_FUNCTION = YES;
				GCC_WARN_UNUSED_VARIABLE = YES;
				IPHONEOS_DEPLOYMENT_TARGET = 12.1;
				MTL_ENABLE_DEBUG_INFO = NO;
				MTL_FAST_MATH = YES;
				SDKROOT = iphoneos;
				SWIFT_COMPILATION_MODE = wholemodule;
				SWIFT_OPTIMIZATION_LEVEL = "-O";
				VALIDATE_PRODUCT = YES;
			};
			name = Release;
		};
		EFAF748322C90335004A0F75 /* Debug */ = {
			isa = XCBuildConfiguration;
			baseConfigurationReference = 225702C006F3E29CA76C9E52 /* Pods-crecreProject.debug.xcconfig */;
			buildSettings = {
				ASSETCATALOG_COMPILER_APPICON_NAME = AppIcon;
				CODE_SIGN_STYLE = Automatic;
				INFOPLIST_FILE = crecreProject/Info.plist;
				LD_RUNPATH_SEARCH_PATHS = (
					"$(inherited)",
					"@executable_path/Frameworks",
				);
				PRODUCT_BUNDLE_IDENTIFIER = "jun-hyeok.crecreProject";
				PRODUCT_NAME = "$(TARGET_NAME)";
				SWIFT_VERSION = 4.2;
				TARGETED_DEVICE_FAMILY = "1,2";
			};
			name = Debug;
		};
		EFAF748422C90335004A0F75 /* Release */ = {
			isa = XCBuildConfiguration;
			baseConfigurationReference = 1F01D5EADBC184ED9326007A /* Pods-crecreProject.release.xcconfig */;
			buildSettings = {
				ASSETCATALOG_COMPILER_APPICON_NAME = AppIcon;
				CODE_SIGN_STYLE = Automatic;
				INFOPLIST_FILE = crecreProject/Info.plist;
				LD_RUNPATH_SEARCH_PATHS = (
					"$(inherited)",
					"@executable_path/Frameworks",
				);
				ONLY_ACTIVE_ARCH = YES;
				PRODUCT_BUNDLE_IDENTIFIER = "jun-hyeok.crecreProject";
				PRODUCT_NAME = "$(TARGET_NAME)";
				SWIFT_VERSION = 4.2;
				TARGETED_DEVICE_FAMILY = "1,2";
			};
			name = Release;
		};
/* End XCBuildConfiguration section */

/* Begin XCConfigurationList section */
		EFAF746B22C90334004A0F75 /* Build configuration list for PBXProject "crecreProject" */ = {
			isa = XCConfigurationList;
			buildConfigurations = (
				EFAF748022C90335004A0F75 /* Debug */,
				EFAF748122C90335004A0F75 /* Release */,
			);
			defaultConfigurationIsVisible = 0;
			defaultConfigurationName = Release;
		};
		EFAF748222C90335004A0F75 /* Build configuration list for PBXNativeTarget "crecreProject" */ = {
			isa = XCConfigurationList;
			buildConfigurations = (
				EFAF748322C90335004A0F75 /* Debug */,
				EFAF748422C90335004A0F75 /* Release */,
			);
			defaultConfigurationIsVisible = 0;
			defaultConfigurationName = Release;
		};
/* End XCConfigurationList section */
	};
	rootObject = EFAF746822C90334004A0F75 /* Project object */;
}
